
Microsoft Visual Studio Solution File, Format Version 12.00
# Visual Studio Version 17
VisualStudioVersion = 17.8.34601.278
MinimumVisualStudioVersion = 10.0.40219.1
Project("{9A19103F-16F7-4668-BE54-9A1E7A4F7556}") = "BrewUp.Chaos", "BrewUp.Chaos\BrewUp.Chaos.csproj", "{D0E3FF6A-12B2-4EBC-837E-EA49490AFA99}"
EndProject
Global
	GlobalSection(SolutionConfigurationPlatforms) = preSolution
		Debug|Any CPU = Debug|Any CPU
		Release|Any CPU = Release|Any CPU
	EndGlobalSection
	GlobalSection(ProjectConfigurationPlatforms) = postSolution
		{D0E3FF6A-12B2-4EBC-837E-EA49490AFA99}.Debug|Any CPU.ActiveCfg = Debug|Any CPU
		{D0E3FF6A-12B2-4EBC-837E-EA49490AFA99}.Debug|Any CPU.Build.0 = Debug|Any CPU
		{D0E3FF6A-12B2-4EBC-837E-EA49490AFA99}.Release|Any CPU.ActiveCfg = Release|Any CPU
		{D0E3FF6A-12B2-4EBC-837E-EA49490AFA99}.Release|Any CPU.Build.0 = Release|Any CPU
	EndGlobalSection
	GlobalSection(SolutionProperties) = preSolution
		HideSolutionNode = FALSE
	EndGlobalSection
	GlobalSection(ExtensibilityGlobals) = postSolution
		SolutionGuid = {24A0890C-202A-47D5-AD11-A52345BCA0EA}
	EndGlobalSection
EndGlobal
